
Microsoft Visual Studio Solution File, Format Version 12.00
# Visual Studio Version 17
VisualStudioVersion = 17.1.32319.34
MinimumVisualStudioVersion = 10.0.40219.1
Project("{FAE04EC0-301F-11D3-BF4B-00C04F79EFBC}") = "Clients", "Clients\Clients.csproj", "{980DAEC7-0E06-4689-9595-4607D7AC6410}"
EndProject
Project("{FAE04EC0-301F-11D3-BF4B-00C04F79EFBC}") = "Servers", "Servers\Servers.csproj", "{4EC43A1F-5B18-43D2-BA66-0BF708FE30EC}"
EndProject
Project("{FAE04EC0-301F-11D3-BF4B-00C04F79EFBC}") = "ChatServer", "ChatServer\ChatServer.csproj", "{E4A82099-4053-4FFA-8C4A-132EAD10C297}"
EndProject
Project("{FAE04EC0-301F-11D3-BF4B-00C04F79EFBC}") = "ChatClient", "ChatClient\ChatClient.csproj", "{740034D7-FE56-42D0-8C7D-CACAA846DA2A}"
EndProject
Project("{FAE04EC0-301F-11D3-BF4B-00C04F79EFBC}") = "ChatClientForm", "ChatClientForm\ChatClientForm.csproj", "{D6BBD133-D800-4BE9-87C9-B3C301BAB880}"
EndProject
Global
	GlobalSection(SolutionConfigurationPlatforms) = preSolution
		Debug|Any CPU = Debug|Any CPU
		Release|Any CPU = Release|Any CPU
	EndGlobalSection
	GlobalSection(ProjectConfigurationPlatforms) = postSolution
		{980DAEC7-0E06-4689-9595-4607D7AC6410}.Debug|Any CPU.ActiveCfg = Debug|Any CPU
		{980DAEC7-0E06-4689-9595-4607D7AC6410}.Debug|Any CPU.Build.0 = Debug|Any CPU
		{980DAEC7-0E06-4689-9595-4607D7AC6410}.Release|Any CPU.ActiveCfg = Release|Any CPU
		{980DAEC7-0E06-4689-9595-4607D7AC6410}.Release|Any CPU.Build.0 = Release|Any CPU
		{4EC43A1F-5B18-43D2-BA66-0BF708FE30EC}.Debug|Any CPU.ActiveCfg = Debug|Any CPU
		{4EC43A1F-5B18-43D2-BA66-0BF708FE30EC}.Debug|Any CPU.Build.0 = Debug|Any CPU
		{4EC43A1F-5B18-43D2-BA66-0BF708FE30EC}.Release|Any CPU.ActiveCfg = Release|Any CPU
		{4EC43A1F-5B18-43D2-BA66-0BF708FE30EC}.Release|Any CPU.Build.0 = Release|Any CPU
		{E4A82099-4053-4FFA-8C4A-132EAD10C297}.Debug|Any CPU.ActiveCfg = Debug|Any CPU
		{E4A82099-4053-4FFA-8C4A-132EAD10C297}.Debug|Any CPU.Build.0 = Debug|Any CPU
		{E4A82099-4053-4FFA-8C4A-132EAD10C297}.Release|Any CPU.ActiveCfg = Release|Any CPU
		{E4A82099-4053-4FFA-8C4A-132EAD10C297}.Release|Any CPU.Build.0 = Release|Any CPU
		{740034D7-FE56-42D0-8C7D-CACAA846DA2A}.Debug|Any CPU.ActiveCfg = Debug|Any CPU
		{740034D7-FE56-42D0-8C7D-CACAA846DA2A}.Debug|Any CPU.Build.0 = Debug|Any CPU
		{740034D7-FE56-42D0-8C7D-CACAA846DA2A}.Release|Any CPU.ActiveCfg = Release|Any CPU
		{740034D7-FE56-42D0-8C7D-CACAA846DA2A}.Release|Any CPU.Build.0 = Release|Any CPU
		{D6BBD133-D800-4BE9-87C9-B3C301BAB880}.Debug|Any CPU.ActiveCfg = Debug|Any CPU
		{D6BBD133-D800-4BE9-87C9-B3C301BAB880}.Debug|Any CPU.Build.0 = Debug|Any CPU
		{D6BBD133-D800-4BE9-87C9-B3C301BAB880}.Release|Any CPU.ActiveCfg = Release|Any CPU
		{D6BBD133-D800-4BE9-87C9-B3C301BAB880}.Release|Any CPU.Build.0 = Release|Any CPU
	EndGlobalSection
	GlobalSection(SolutionProperties) = preSolution
		HideSolutionNode = FALSE
	EndGlobalSection
	GlobalSection(ExtensibilityGlobals) = postSolution
		SolutionGuid = {FBB52BAA-D7AD-499F-8B94-0AFCE463C465}
	EndGlobalSection
EndGlobal
